
Microsoft Visual Studio Solution File, Format Version 12.00
# Visual Studio Version 17
VisualStudioVersion = 17.13.35919.96 d17.13
MinimumVisualStudioVersion = 10.0.40219.1
Project("{FAE04EC0-301F-11D3-BF4B-00C04F79EFBC}") = "ekz", "ekz\ekz.csproj", "{A52C5D1D-485A-4575-A16D-FDC87113DE48}"
EndProject
Global
	GlobalSection(SolutionConfigurationPlatforms) = preSolution
		Debug|Any CPU = Debug|Any CPU
		Release|Any CPU = Release|Any CPU
	EndGlobalSection
	GlobalSection(ProjectConfigurationPlatforms) = postSolution
		{A52C5D1D-485A-4575-A16D-FDC87113DE48}.Debug|Any CPU.ActiveCfg = Debug|Any CPU
		{A52C5D1D-485A-4575-A16D-FDC87113DE48}.Debug|Any CPU.Build.0 = Debug|Any CPU
		{A52C5D1D-485A-4575-A16D-FDC87113DE48}.Release|Any CPU.ActiveCfg = Release|Any CPU
		{A52C5D1D-485A-4575-A16D-FDC87113DE48}.Release|Any CPU.Build.0 = Release|Any CPU
	EndGlobalSection
	GlobalSection(SolutionProperties) = preSolution
		HideSolutionNode = FALSE
	EndGlobalSection
	GlobalSection(ExtensibilityGlobals) = postSolution
		SolutionGuid = {55A5C6DC-DE91-4B67-B0F4-73792E13A7A6}
	EndGlobalSection
EndGlobal
